
Microsoft Visual Studio Solution File, Format Version 12.00
# Visual Studio Version 17
VisualStudioVersion = 17.3.32804.467
MinimumVisualStudioVersion = 10.0.40219.1
Project("{9A19103F-16F7-4668-BE54-9A1E7A4F7556}") = "Kutuphane", "Kutuphane\Kutuphane.csproj", "{59D83AF2-CE65-440E-878E-624492EE9B4B}"
EndProject
Project("{FAE04EC0-301F-11D3-BF4B-00C04F79EFBC}") = "Kutuphane.Data", "Kutuphane.Data\Kutuphane.Data.csproj", "{9D054DDB-013E-4E42-B2EC-39702B624E96}"
EndProject
Global
	GlobalSection(SolutionConfigurationPlatforms) = preSolution
		Debug|Any CPU = Debug|Any CPU
		Release|Any CPU = Release|Any CPU
	EndGlobalSection
	GlobalSection(ProjectConfigurationPlatforms) = postSolution
		{59D83AF2-CE65-440E-878E-624492EE9B4B}.Debug|Any CPU.ActiveCfg = Debug|Any CPU
		{59D83AF2-CE65-440E-878E-624492EE9B4B}.Debug|Any CPU.Build.0 = Debug|Any CPU
		{59D83AF2-CE65-440E-878E-624492EE9B4B}.Release|Any CPU.ActiveCfg = Release|Any CPU
		{59D83AF2-CE65-440E-878E-624492EE9B4B}.Release|Any CPU.Build.0 = Release|Any CPU
		{9D054DDB-013E-4E42-B2EC-39702B624E96}.Debug|Any CPU.ActiveCfg = Debug|Any CPU
		{9D054DDB-013E-4E42-B2EC-39702B624E96}.Debug|Any CPU.Build.0 = Debug|Any CPU
		{9D054DDB-013E-4E42-B2EC-39702B624E96}.Release|Any CPU.ActiveCfg = Release|Any CPU
		{9D054DDB-013E-4E42-B2EC-39702B624E96}.Release|Any CPU.Build.0 = Release|Any CPU
	EndGlobalSection
	GlobalSection(SolutionProperties) = preSolution
		HideSolutionNode = FALSE
	EndGlobalSection
	GlobalSection(ExtensibilityGlobals) = postSolution
		SolutionGuid = {37B79692-459D-4C4B-A239-3DE3FBA27C1E}
	EndGlobalSection
EndGlobal
